// !$*UTF8*$!
{
	archiveVersion = 1;
	classes = {
	};
	objectVersion = 56;
	objects = {

/* Begin PBXBuildFile section */
		A429EADF2A7AC88F001F3E99 /* AppDelegate.swift in Sources */ = {isa = PBXBuildFile; fileRef = A429EADE2A7AC88F001F3E99 /* AppDelegate.swift */; };
		A429EAE12A7AC88F001F3E99 /* SceneDelegate.swift in Sources */ = {isa = PBXBuildFile; fileRef = A429EAE02A7AC88F001F3E99 /* SceneDelegate.swift */; };
		A429EAE32A7AC88F001F3E99 /* ViewController.swift in Sources */ = {isa = PBXBuildFile; fileRef = A429EAE22A7AC88F001F3E99 /* ViewController.swift */; };
		A429EAE62A7AC88F001F3E99 /* Main.storyboard in Resources */ = {isa = PBXBuildFile; fileRef = A429EAE42A7AC88F001F3E99 /* Main.storyboard */; };
		A429EAE82A7AC891001F3E99 /* Assets.xcassets in Resources */ = {isa = PBXBuildFile; fileRef = A429EAE72A7AC891001F3E99 /* Assets.xcassets */; };
		A429EAEB2A7AC891001F3E99 /* LaunchScreen.storyboard in Resources */ = {isa = PBXBuildFile; fileRef = A429EAE92A7AC891001F3E99 /* LaunchScreen.storyboard */; };
		A429EAF62A7AC891001F3E99 /* TodoListTests.swift in Sources */ = {isa = PBXBuildFile; fileRef = A429EAF52A7AC891001F3E99 /* TodoListTests.swift */; };
		A429EB002A7AC891001F3E99 /* TodoListUITests.swift in Sources */ = {isa = PBXBuildFile; fileRef = A429EAFF2A7AC891001F3E99 /* TodoListUITests.swift */; };
		A429EB022A7AC891001F3E99 /* TodoListUITestsLaunchTests.swift in Sources */ = {isa = PBXBuildFile; fileRef = A429EB012A7AC891001F3E99 /* TodoListUITestsLaunchTests.swift */; };
/* End PBXBuildFile section */

/* Begin PBXContainerItemProxy section */
		A429EAF22A7AC891001F3E99 /* PBXContainerItemProxy */ = {
			isa = PBXContainerItemProxy;
			containerPortal = A429EAD32A7AC88F001F3E99 /* Project object */;
			proxyType = 1;
			remoteGlobalIDString = A429EADA2A7AC88F001F3E99;
			remoteInfo = TodoList;
		};
		A429EAFC2A7AC891001F3E99 /* PBXContainerItemProxy */ = {
			isa = PBXContainerItemProxy;
			containerPortal = A429EAD32A7AC88F001F3E99 /* Project object */;
			proxyType = 1;
			remoteGlobalIDString = A429EADA2A7AC88F001F3E99;
			remoteInfo = TodoList;
		};
/* End PBXContainerItemProxy section */

/* Begin PBXFileReference section */
		A429EADB2A7AC88F001F3E99 /* TodoList.app */ = {isa = PBXFileReference; explicitFileType = wrapper.application; includeInIndex = 0; path = TodoList.app; sourceTree = BUILT_PRODUCTS_DIR; };
		A429EADE2A7AC88F001F3E99 /* AppDelegate.swift */ = {isa = PBXFileReference; lastKnownFileType = sourcecode.swift; path = AppDelegate.swift; sourceTree = "<group>"; };
		A429EAE02A7AC88F001F3E99 /* SceneDelegate.swift */ = {isa = PBXFileReference; lastKnownFileType = sourcecode.swift; path = SceneDelegate.swift; sourceTree = "<group>"; };
		A429EAE22A7AC88F001F3E99 /* ViewController.swift */ = {isa = PBXFileReference; lastKnownFileType = sourcecode.swift; path = ViewController.swift; sourceTree = "<group>"; };
		A429EAE52A7AC88F001F3E99 /* Base */ = {isa = PBXFileReference; lastKnownFileType = file.storyboard; name = Base; path = Base.lproj/Main.storyboard; sourceTree = "<group>"; };
		A429EAE72A7AC891001F3E99 /* Assets.xcassets */ = {isa = PBXFileReference; lastKnownFileType = folder.assetcatalog; path = Assets.xcassets; sourceTree = "<group>"; };
		A429EAEA2A7AC891001F3E99 /* Base */ = {isa = PBXFileReference; lastKnownFileType = file.storyboard; name = Base; path = Base.lproj/LaunchScreen.storyboard; sourceTree = "<group>"; };
		A429EAEC2A7AC891001F3E99 /* Info.plist */ = {isa = PBXFileReference; lastKnownFileType = text.plist.xml; path = Info.plist; sourceTree = "<group>"; };
		A429EAF12A7AC891001F3E99 /* TodoListTests.xctest */ = {isa = PBXFileReference; explicitFileType = wrapper.cfbundle; includeInIndex = 0; path = TodoListTests.xctest; sourceTree = BUILT_PRODUCTS_DIR; };
		A429EAF52A7AC891001F3E99 /* TodoListTests.swift */ = {isa = PBXFileReference; lastKnownFileType = sourcecode.swift; path = TodoListTests.swift; sourceTree = "<group>"; };
		A429EAFB2A7AC891001F3E99 /* TodoListUITests.xctest */ = {isa = PBXFileReference; explicitFileType = wrapper.cfbundle; includeInIndex = 0; path = TodoListUITests.xctest; sourceTree = BUILT_PRODUCTS_DIR; };
		A429EAFF2A7AC891001F3E99 /* TodoListUITests.swift */ = {isa = PBXFileReference; lastKnownFileType = sourcecode.swift; path = TodoListUITests.swift; sourceTree = "<group>"; };
		A429EB012A7AC891001F3E99 /* TodoListUITestsLaunchTests.swift */ = {isa = PBXFileReference; lastKnownFileType = sourcecode.swift; path = TodoListUITestsLaunchTests.swift; sourceTree = "<group>"; };
/* End PBXFileReference section */

/* Begin PBXFrameworksBuildPhase section */
		A429EAD82A7AC88F001F3E99 /* Frameworks */ = {
			isa = PBXFrameworksBuildPhase;
			buildActionMask = 2147483647;
			files = (
			);
			runOnlyForDeploymentPostprocessing = 0;
		};
		A429EAEE2A7AC891001F3E99 /* Frameworks */ = {
			isa = PBXFrameworksBuildPhase;
			buildActionMask = 2147483647;
			files = (
			);
			runOnlyForDeploymentPostprocessing = 0;
		};
		A429EAF82A7AC891001F3E99 /* Frameworks */ = {
			isa = PBXFrameworksBuildPhase;
			buildActionMask = 2147483647;
			files = (
			);
			runOnlyForDeploymentPostprocessing = 0;
		};
/* End PBXFrameworksBuildPhase section */

/* Begin PBXGroup section */
		A429EAD22A7AC88F001F3E99 = {
			isa = PBXGroup;
			children = (
				A429EADD2A7AC88F001F3E99 /* TodoList */,
				A429EAF42A7AC891001F3E99 /* TodoListTests */,
				A429EAFE2A7AC891001F3E99 /* TodoListUITests */,
				A429EADC2A7AC88F001F3E99 /* Products */,
			);
			sourceTree = "<group>";
		};
		A429EADC2A7AC88F001F3E99 /* Products */ = {
			isa = PBXGroup;
			children = (
				A429EADB2A7AC88F001F3E99 /* TodoList.app */,
				A429EAF12A7AC891001F3E99 /* TodoListTests.xctest */,
				A429EAFB2A7AC891001F3E99 /* TodoListUITests.xctest */,
			);
			name = Products;
			sourceTree = "<group>";
		};
		A429EADD2A7AC88F001F3E99 /* TodoList */ = {
			isa = PBXGroup;
			children = (
				A429EADE2A7AC88F001F3E99 /* AppDelegate.swift */,
				A429EAE02A7AC88F001F3E99 /* SceneDelegate.swift */,
				A429EAE22A7AC88F001F3E99 /* ViewController.swift */,
				A429EAE42A7AC88F001F3E99 /* Main.storyboard */,
				A429EAE72A7AC891001F3E99 /* Assets.xcassets */,
				A429EAE92A7AC891001F3E99 /* LaunchScreen.storyboard */,
				A429EAEC2A7AC891001F3E99 /* Info.plist */,
			);
			path = TodoList;
			sourceTree = "<group>";
		};
		A429EAF42A7AC891001F3E99 /* TodoListTests */ = {
			isa = PBXGroup;
			children = (
				A429EAF52A7AC891001F3E99 /* TodoListTests.swift */,
			);
			path = TodoListTests;
			sourceTree = "<group>";
		};
		A429EAFE2A7AC891001F3E99 /* TodoListUITests */ = {
			isa = PBXGroup;
			children = (
				A429EAFF2A7AC891001F3E99 /* TodoListUITests.swift */,
				A429EB012A7AC891001F3E99 /* TodoListUITestsLaunchTests.swift */,
			);
			path = TodoListUITests;
			sourceTree = "<group>";
		};
/* End PBXGroup section */

/* Begin PBXNativeTarget section */
		A429EADA2A7AC88F001F3E99 /* TodoList */ = {
			isa = PBXNativeTarget;
			buildConfigurationList = A429EB052A7AC891001F3E99 /* Build configuration list for PBXNativeTarget "TodoList" */;
			buildPhases = (
				A429EAD72A7AC88F001F3E99 /* Sources */,
				A429EAD82A7AC88F001F3E99 /* Frameworks */,
				A429EAD92A7AC88F001F3E99 /* Resources */,
			);
			buildRules = (
			);
			dependencies = (
			);
			name = TodoList;
			productName = TodoList;
			productReference = A429EADB2A7AC88F001F3E99 /* TodoList.app */;
			productType = "com.apple.product-type.application";
		};
		A429EAF02A7AC891001F3E99 /* TodoListTests */ = {
			isa = PBXNativeTarget;
			buildConfigurationList = A429EB082A7AC891001F3E99 /* Build configuration list for PBXNativeTarget "TodoListTests" */;
			buildPhases = (
				A429EAED2A7AC891001F3E99 /* Sources */,
				A429EAEE2A7AC891001F3E99 /* Frameworks */,
				A429EAEF2A7AC891001F3E99 /* Resources */,
			);
			buildRules = (
			);
			dependencies = (
				A429EAF32A7AC891001F3E99 /* PBXTargetDependency */,
			);
			name = TodoListTests;
			productName = TodoListTests;
			productReference = A429EAF12A7AC891001F3E99 /* TodoListTests.xctest */;
			productType = "com.apple.product-type.bundle.unit-test";
		};
		A429EAFA2A7AC891001F3E99 /* TodoListUITests */ = {
			isa = PBXNativeTarget;
			buildConfigurationList = A429EB0B2A7AC891001F3E99 /* Build configuration list for PBXNativeTarget "TodoListUITests" */;
			buildPhases = (
				A429EAF72A7AC891001F3E99 /* Sources */,
				A429EAF82A7AC891001F3E99 /* Frameworks */,
				A429EAF92A7AC891001F3E99 /* Resources */,
			);
			buildRules = (
			);
			dependencies = (
				A429EAFD2A7AC891001F3E99 /* PBXTargetDependency */,
			);
			name = TodoListUITests;
			productName = TodoListUITests;
			productReference = A429EAFB2A7AC891001F3E99 /* TodoListUITests.xctest */;
			productType = "com.apple.product-type.bundle.ui-testing";
		};
/* End PBXNativeTarget section */

/* Begin PBXProject section */
		A429EAD32A7AC88F001F3E99 /* Project object */ = {
			isa = PBXProject;
			attributes = {
				BuildIndependentTargetsInParallel = 1;
				LastSwiftUpdateCheck = 1410;
				LastUpgradeCheck = 1410;
				TargetAttributes = {
					A429EADA2A7AC88F001F3E99 = {
						CreatedOnToolsVersion = 14.1;
					};
					A429EAF02A7AC891001F3E99 = {
						CreatedOnToolsVersion = 14.1;
						TestTargetID = A429EADA2A7AC88F001F3E99;
					};
					A429EAFA2A7AC891001F3E99 = {
						CreatedOnToolsVersion = 14.1;
						TestTargetID = A429EADA2A7AC88F001F3E99;
					};
				};
			};
			buildConfigurationList = A429EAD62A7AC88F001F3E99 /* Build configuration list for PBXProject "TodoList" */;
			compatibilityVersion = "Xcode 14.0";
			developmentRegion = en;
			hasScannedForEncodings = 0;
			knownRegions = (
				en,
				Base,
			);
			mainGroup = A429EAD22A7AC88F001F3E99;
			productRefGroup = A429EADC2A7AC88F001F3E99 /* Products */;
			projectDirPath = "";
			projectRoot = "";
			targets = (
				A429EADA2A7AC88F001F3E99 /* TodoList */,
				A429EAF02A7AC891001F3E99 /* TodoListTests */,
				A429EAFA2A7AC891001F3E99 /* TodoListUITests */,
			);
		};
/* End PBXProject section */

/* Begin PBXResourcesBuildPhase section */
		A429EAD92A7AC88F001F3E99 /* Resources */ = {
			isa = PBXResourcesBuildPhase;
			buildActionMask = 2147483647;
			files = (
				A429EAEB2A7AC891001F3E99 /* LaunchScreen.storyboard in Resources */,
				A429EAE82A7AC891001F3E99 /* Assets.xcassets in Resources */,
				A429EAE62A7AC88F001F3E99 /* Main.storyboard in Resources */,
			);
			runOnlyForDeploymentPostprocessing = 0;
		};
		A429EAEF2A7AC891001F3E99 /* Resources */ = {
			isa = PBXResourcesBuildPhase;
			buildActionMask = 2147483647;
			files = (
			);
			runOnlyForDeploymentPostprocessing = 0;
		};
		A429EAF92A7AC891001F3E99 /* Resources */ = {
			isa = PBXResourcesBuildPhase;
			buildActionMask = 2147483647;
			files = (
			);
			runOnlyForDeploymentPostprocessing = 0;
		};
/* End PBXResourcesBuildPhase section */

/* Begin PBXSourcesBuildPhase section */
		A429EAD72A7AC88F001F3E99 /* Sources */ = {
			isa = PBXSourcesBuildPhase;
			buildActionMask = 2147483647;
			files = (
				A429EAE32A7AC88F001F3E99 /* ViewController.swift in Sources */,
				A429EADF2A7AC88F001F3E99 /* AppDelegate.swift in Sources */,
				A429EAE12A7AC88F001F3E99 /* SceneDelegate.swift in Sources */,
			);
			runOnlyForDeploymentPostprocessing = 0;
		};
		A429EAED2A7AC891001F3E99 /* Sources */ = {
			isa = PBXSourcesBuildPhase;
			buildActionMask = 2147483647;
			files = (
				A429EAF62A7AC891001F3E99 /* TodoListTests.swift in Sources */,
			);
			runOnlyForDeploymentPostprocessing = 0;
		};
		A429EAF72A7AC891001F3E99 /* Sources */ = {
			isa = PBXSourcesBuildPhase;
			buildActionMask = 2147483647;
			files = (
				A429EB022A7AC891001F3E99 /* TodoListUITestsLaunchTests.swift in Sources */,
				A429EB002A7AC891001F3E99 /* TodoListUITests.swift in Sources */,
			);
			runOnlyForDeploymentPostprocessing = 0;
		};
/* End PBXSourcesBuildPhase section */

/* Begin PBXTargetDependency section */
		A429EAF32A7AC891001F3E99 /* PBXTargetDependency */ = {
			isa = PBXTargetDependency;
			target = A429EADA2A7AC88F001F3E99 /* TodoList */;
			targetProxy = A429EAF22A7AC891001F3E99 /* PBXContainerItemProxy */;
		};
		A429EAFD2A7AC891001F3E99 /* PBXTargetDependency */ = {
			isa = PBXTargetDependency;
			target = A429EADA2A7AC88F001F3E99 /* TodoList */;
			targetProxy = A429EAFC2A7AC891001F3E99 /* PBXContainerItemProxy */;
		};
/* End PBXTargetDependency section */

/* Begin PBXVariantGroup section */
		A429EAE42A7AC88F001F3E99 /* Main.storyboard */ = {
			isa = PBXVariantGroup;
			children = (
				A429EAE52A7AC88F001F3E99 /* Base */,
			);
			name = Main.storyboard;
			sourceTree = "<group>";
		};
		A429EAE92A7AC891001F3E99 /* LaunchScreen.storyboard */ = {
			isa = PBXVariantGroup;
			children = (
				A429EAEA2A7AC891001F3E99 /* Base */,
			);
			name = LaunchScreen.storyboard;
			sourceTree = "<group>";
		};
/* End PBXVariantGroup section */

/* Begin XCBuildConfiguration section */
		A429EB032A7AC891001F3E99 /* Debug */ = {
			isa = XCBuildConfiguration;
			buildSettings = {
				ALWAYS_SEARCH_USER_PATHS = NO;
				CLANG_ANALYZER_NONNULL = YES;
				CLANG_ANALYZER_NUMBER_OBJECT_CONVERSION = YES_AGGRESSIVE;
				CLANG_CXX_LANGUAGE_STANDARD = "gnu++20";
				CLANG_ENABLE_MODULES = YES;
				CLANG_ENABLE_OBJC_ARC = YES;
				CLANG_ENABLE_OBJC_WEAK = YES;
				CLANG_WARN_BLOCK_CAPTURE_AUTORELEASING = YES;
				CLANG_WARN_BOOL_CONVERSION = YES;
				CLANG_WARN_COMMA = YES;
				CLANG_WARN_CONSTANT_CONVERSION = YES;
				CLANG_WARN_DEPRECATED_OBJC_IMPLEMENTATIONS = YES;
				CLANG_WARN_DIRECT_OBJC_ISA_USAGE = YES_ERROR;
				CLANG_WARN_DOCUMENTATION_COMMENTS = YES;
				CLANG_WARN_EMPTY_BODY = YES;
				CLANG_WARN_ENUM_CONVERSION = YES;
				CLANG_WARN_INFINITE_RECURSION = YES;
				CLANG_WARN_INT_CONVERSION = YES;
				CLANG_WARN_NON_LITERAL_NULL_CONVERSION = YES;
				CLANG_WARN_OBJC_IMPLICIT_RETAIN_SELF = YES;
				CLANG_WARN_OBJC_LITERAL_CONVERSION = YES;
				CLANG_WARN_OBJC_ROOT_CLASS = YES_ERROR;
				CLANG_WARN_QUOTED_INCLUDE_IN_FRAMEWORK_HEADER = YES;
				CLANG_WARN_RANGE_LOOP_ANALYSIS = YES;
				CLANG_WARN_STRICT_PROTOTYPES = YES;
				CLANG_WARN_SUSPICIOUS_MOVE = YES;
				CLANG_WARN_UNGUARDED_AVAILABILITY = YES_AGGRESSIVE;
				CLANG_WARN_UNREACHABLE_CODE = YES;
				CLANG_WARN__DUPLICATE_METHOD_MATCH = YES;
				COPY_PHASE_STRIP = NO;
				DEBUG_INFORMATION_FORMAT = dwarf;
				ENABLE_STRICT_OBJC_MSGSEND = YES;
				ENABLE_TESTABILITY = YES;
				GCC_C_LANGUAGE_STANDARD = gnu11;
				GCC_DYNAMIC_NO_PIC = NO;
				GCC_NO_COMMON_BLOCKS = YES;
				GCC_OPTIMIZATION_LEVEL = 0;
				GCC_PREPROCESSOR_DEFINITIONS = (
					"DEBUG=1",
					"$(inherited)",
				);
				GCC_WARN_64_TO_32_BIT_CONVERSION = YES;
				GCC_WARN_ABOUT_RETURN_TYPE = YES_ERROR;
				GCC_WARN_UNDECLARED_SELECTOR = YES;
				GCC_WARN_UNINITIALIZED_AUTOS = YES_AGGRESSIVE;
				GCC_WARN_UNUSED_FUNCTION = YES;
				GCC_WARN_UNUSED_VARIABLE = YES;
				IPHONEOS_DEPLOYMENT_TARGET = 16.1;
				MTL_ENABLE_DEBUG_INFO = INCLUDE_SOURCE;
				MTL_FAST_MATH = YES;
				ONLY_ACTIVE_ARCH = YES;
				SDKROOT = iphoneos;
				SWIFT_ACTIVE_COMPILATION_CONDITIONS = DEBUG;
				SWIFT_OPTIMIZATION_LEVEL = "-Onone";
			};
			name = Debug;
		};
		A429EB042A7AC891001F3E99 /* Release */ = {
			isa = XCBuildConfiguration;
			buildSettings = {
				ALWAYS_SEARCH_USER_PATHS = NO;
				CLANG_ANALYZER_NONNULL = YES;
				CLANG_ANALYZER_NUMBER_OBJECT_CONVERSION = YES_AGGRESSIVE;
				CLANG_CXX_LANGUAGE_STANDARD = "gnu++20";
				CLANG_ENABLE_MODULES = YES;
				CLANG_ENABLE_OBJC_ARC = YES;
				CLANG_ENABLE_OBJC_WEAK = YES;
				CLANG_WARN_BLOCK_CAPTURE_AUTORELEASING = YES;
				CLANG_WARN_BOOL_CONVERSION = YES;
				CLANG_WARN_COMMA = YES;
				CLANG_WARN_CONSTANT_CONVERSION = YES;
				CLANG_WARN_DEPRECATED_OBJC_IMPLEMENTATIONS = YES;
				CLANG_WARN_DIRECT_OBJC_ISA_USAGE = YES_ERROR;
				CLANG_WARN_DOCUMENTATION_COMMENTS = YES;
				CLANG_WARN_EMPTY_BODY = YES;
				CLANG_WARN_ENUM_CONVERSION = YES;
				CLANG_WARN_INFINITE_RECURSION = YES;
				CLANG_WARN_INT_CONVERSION = YES;
				CLANG_WARN_NON_LITERAL_NULL_CONVERSION = YES;
				CLANG_WARN_OBJC_IMPLICIT_RETAIN_SELF = YES;
				CLANG_WARN_OBJC_LITERAL_CONVERSION = YES;
				CLANG_WARN_OBJC_ROOT_CLASS = YES_ERROR;
				CLANG_WARN_QUOTED_INCLUDE_IN_FRAMEWORK_HEADER = YES;
				CLANG_WARN_RANGE_LOOP_ANALYSIS = YES;
				CLANG_WARN_STRICT_PROTOTYPES = YES;
				CLANG_WARN_SUSPICIOUS_MOVE = YES;
				CLANG_WARN_UNGUARDED_AVAILABILITY = YES_AGGRESSIVE;
				CLANG_WARN_UNREACHABLE_CODE = YES;
				CLANG_WARN__DUPLICATE_METHOD_MATCH = YES;
				COPY_PHASE_STRIP = NO;
				DEBUG_INFORMATION_FORMAT = "dwarf-with-dsym";
				ENABLE_NS_ASSERTIONS = NO;
				ENABLE_STRICT_OBJC_MSGSEND = YES;
				GCC_C_LANGUAGE_STANDARD = gnu11;
				GCC_NO_COMMON_BLOCKS = YES;
				GCC_WARN_64_TO_32_BIT_CONVERSION = YES;
				GCC_WARN_ABOUT_RETURN_TYPE = YES_ERROR;
				GCC_WARN_UNDECLARED_SELECTOR = YES;
				GCC_WARN_UNINITIALIZED_AUTOS = YES_AGGRESSIVE;
				GCC_WARN_UNUSED_FUNCTION = YES;
				GCC_WARN_UNUSED_VARIABLE = YES;
				IPHONEOS_DEPLOYMENT_TARGET = 16.1;
				MTL_ENABLE_DEBUG_INFO = NO;
				MTL_FAST_MATH = YES;
				SDKROOT = iphoneos;
				SWIFT_COMPILATION_MODE = wholemodule;
				SWIFT_OPTIMIZATION_LEVEL = "-O";
				VALIDATE_PRODUCT = YES;
			};
			name = Release;
		};
		A429EB062A7AC891001F3E99 /* Debug */ = {
			isa = XCBuildConfiguration;
			buildSettings = {
				ASSETCATALOG_COMPILER_APPICON_NAME = AppIcon;
				ASSETCATALOG_COMPILER_GLOBAL_ACCENT_COLOR_NAME = AccentColor;
				CODE_SIGN_STYLE = Automatic;
				CURRENT_PROJECT_VERSION = 1;
				GENERATE_INFOPLIST_FILE = YES;
				INFOPLIST_FILE = TodoList/Info.plist;
				INFOPLIST_KEY_UIApplicationSupportsIndirectInputEvents = YES;
				INFOPLIST_KEY_UILaunchStoryboardName = LaunchScreen;
				INFOPLIST_KEY_UIMainStoryboardFile = Main;
				INFOPLIST_KEY_UISupportedInterfaceOrientations_iPad = "UIInterfaceOrientationPortrait UIInterfaceOrientationPortraitUpsideDown UIInterfaceOrientationLandscapeLeft UIInterfaceOrientationLandscapeRight";
				INFOPLIST_KEY_UISupportedInterfaceOrientations_iPhone = "UIInterfaceOrientationPortrait UIInterfaceOrientationLandscapeLeft UIInterfaceOrientationLandscapeRight";
				LD_RUNPATH_SEARCH_PATHS = (
					"$(inherited)",
					"@executable_path/Frameworks",
				);
				MARKETING_VERSION = 1.0;
				PRODUCT_BUNDLE_IDENTIFIER = jessica.com.TodoList;
				PRODUCT_NAME = "$(TARGET_NAME)";
				SWIFT_EMIT_LOC_STRINGS = YES;
				SWIFT_VERSION = 5.0;
				TARGETED_DEVICE_FAMILY = "1,2";
			};
			name = Debug;
		};
		A429EB072A7AC891001F3E99 /* Release */ = {
			isa = XCBuildConfiguration;
			buildSettings = {
				ASSETCATALOG_COMPILER_APPICON_NAME = AppIcon;
				ASSETCATALOG_COMPILER_GLOBAL_ACCENT_COLOR_NAME = AccentColor;
				CODE_SIGN_STYLE = Automatic;
				CURRENT_PROJECT_VERSION = 1;
				GENERATE_INFOPLIST_FILE = YES;
				INFOPLIST_FILE = TodoList/Info.plist;
				INFOPLIST_KEY_UIApplicationSupportsIndirectInputEvents = YES;
				INFOPLIST_KEY_UILaunchStoryboardName = LaunchScreen;
				INFOPLIST_KEY_UIMainStoryboardFile = Main;
				INFOPLIST_KEY_UISupportedInterfaceOrientations_iPad = "UIInterfaceOrientationPortrait UIInterfaceOrientationPortraitUpsideDown UIInterfaceOrientationLandscapeLeft UIInterfaceOrientationLandscapeRight";
				INFOPLIST_KEY_UISupportedInterfaceOrientations_iPhone = "UIInterfaceOrientationPortrait UIInterfaceOrientationLandscapeLeft UIInterfaceOrientationLandscapeRight";
				LD_RUNPATH_SEARCH_PATHS = (
					"$(inherited)",
					"@executable_path/Frameworks",
				);
				MARKETING_VERSION = 1.0;
				PRODUCT_BUNDLE_IDENTIFIER = jessica.com.TodoList;
				PRODUCT_NAME = "$(TARGET_NAME)";
				SWIFT_EMIT_LOC_STRINGS = YES;
				SWIFT_VERSION = 5.0;
				TARGETED_DEVICE_FAMILY = "1,2";
			};
			name = Release;
		};
		A429EB092A7AC891001F3E99 /* Debug */ = {
			isa = XCBuildConfiguration;
			buildSettings = {
				ALWAYS_EMBED_SWIFT_STANDARD_LIBRARIES = YES;
				BUNDLE_LOADER = "$(TEST_HOST)";
				CODE_SIGN_STYLE = Automatic;
				CURRENT_PROJECT_VERSION = 1;
				GENERATE_INFOPLIST_FILE = YES;
				IPHONEOS_DEPLOYMENT_TARGET = 16.1;
				MARKETING_VERSION = 1.0;
				PRODUCT_BUNDLE_IDENTIFIER = jessica.com.TodoListTests;
				PRODUCT_NAME = "$(TARGET_NAME)";
				SWIFT_EMIT_LOC_STRINGS = NO;
				SWIFT_VERSION = 5.0;
				TARGETED_DEVICE_FAMILY = "1,2";
				TEST_HOST = "$(BUILT_PRODUCTS_DIR)/TodoList.app/$(BUNDLE_EXECUTABLE_FOLDER_PATH)/TodoList";
			};
			name = Debug;
		};
		A429EB0A2A7AC891001F3E99 /* Release */ = {
			isa = XCBuildConfiguration;
			buildSettings = {
				ALWAYS_EMBED_SWIFT_STANDARD_LIBRARIES = YES;
				BUNDLE_LOADER = "$(TEST_HOST)";
				CODE_SIGN_STYLE = Automatic;
				CURRENT_PROJECT_VERSION = 1;
				GENERATE_INFOPLIST_FILE = YES;
				IPHONEOS_DEPLOYMENT_TARGET = 16.1;
				MARKETING_VERSION = 1.0;
				PRODUCT_BUNDLE_IDENTIFIER = jessica.com.TodoListTests;
				PRODUCT_NAME = "$(TARGET_NAME)";
				SWIFT_EMIT_LOC_STRINGS = NO;
				SWIFT_VERSION = 5.0;
				TARGETED_DEVICE_FAMILY = "1,2";
				TEST_HOST = "$(BUILT_PRODUCTS_DIR)/TodoList.app/$(BUNDLE_EXECUTABLE_FOLDER_PATH)/TodoList";
			};
			name = Release;
		};
		A429EB0C2A7AC891001F3E99 /* Debug */ = {
			isa = XCBuildConfiguration;
			buildSettings = {
				ALWAYS_EMBED_SWIFT_STANDARD_LIBRARIES = YES;
				CODE_SIGN_STYLE = Automatic;
				CURRENT_PROJECT_VERSION = 1;
				GENERATE_INFOPLIST_FILE = YES;
				MARKETING_VERSION = 1.0;
				PRODUCT_BUNDLE_IDENTIFIER = jessica.com.TodoListUITests;
				PRODUCT_NAME = "$(TARGET_NAME)";
				SWIFT_EMIT_LOC_STRINGS = NO;
				SWIFT_VERSION = 5.0;
				TARGETED_DEVICE_FAMILY = "1,2";
				TEST_TARGET_NAME = TodoList;
			};
			name = Debug;
		};
		A429EB0D2A7AC891001F3E99 /* Release */ = {
			isa = XCBuildConfiguration;
			buildSettings = {
				ALWAYS_EMBED_SWIFT_STANDARD_LIBRARIES = YES;
				CODE_SIGN_STYLE = Automatic;
				CURRENT_PROJECT_VERSION = 1;
				GENERATE_INFOPLIST_FILE = YES;
				MARKETING_VERSION = 1.0;
				PRODUCT_BUNDLE_IDENTIFIER = jessica.com.TodoListUITests;
				PRODUCT_NAME = "$(TARGET_NAME)";
				SWIFT_EMIT_LOC_STRINGS = NO;
				SWIFT_VERSION = 5.0;
				TARGETED_DEVICE_FAMILY = "1,2";
				TEST_TARGET_NAME = TodoList;
			};
			name = Release;
		};
/* End XCBuildConfiguration section */

/* Begin XCConfigurationList section */
		A429EAD62A7AC88F001F3E99 /* Build configuration list for PBXProject "TodoList" */ = {
			isa = XCConfigurationList;
			buildConfigurations = (
				A429EB032A7AC891001F3E99 /* Debug */,
				A429EB042A7AC891001F3E99 /* Release */,
			);
			defaultConfigurationIsVisible = 0;
			defaultConfigurationName = Release;
		};
		A429EB052A7AC891001F3E99 /* Build configuration list for PBXNativeTarget "TodoList" */ = {
			isa = XCConfigurationList;
			buildConfigurations = (
				A429EB062A7AC891001F3E99 /* Debug */,
				A429EB072A7AC891001F3E99 /* Release */,
			);
			defaultConfigurationIsVisible = 0;
			defaultConfigurationName = Release;
		};
		A429EB082A7AC891001F3E99 /* Build configuration list for PBXNativeTarget "TodoListTests" */ = {
			isa = XCConfigurationList;
			buildConfigurations = (
				A429EB092A7AC891001F3E99 /* Debug */,
				A429EB0A2A7AC891001F3E99 /* Release */,
			);
			defaultConfigurationIsVisible = 0;
			defaultConfigurationName = Release;
		};
		A429EB0B2A7AC891001F3E99 /* Build configuration list for PBXNativeTarget "TodoListUITests" */ = {
			isa = XCConfigurationList;
			buildConfigurations = (
				A429EB0C2A7AC891001F3E99 /* Debug */,
				A429EB0D2A7AC891001F3E99 /* Release */,
			);
			defaultConfigurationIsVisible = 0;
			defaultConfigurationName = Release;
		};
/* End XCConfigurationList section */
	};
	rootObject = A429EAD32A7AC88F001F3E99 /* Project object */;
}
